
Microsoft Visual Studio Solution File, Format Version 12.00
# Visual Studio Version 16
VisualStudioVersion = 16.0.29911.84
MinimumVisualStudioVersion = 10.0.40219.1
Project("{8BC9CEB8-8B4A-11D0-8D11-00A0C91BC942}") = "bdxhelper", "bdxhelper\bdxhelper.vcxproj", "{4E2C1F0D-2BBA-42C4-A906-2212AC305D2A}"
EndProject
Project("{8BC9CEB8-8B4A-11D0-8D11-00A0C91BC942}") = "bdxland", "bdxland\bdxland.vcxproj", "{A9970552-08F8-4175-8C10-BB780A905BB7}"
EndProject
Project("{8BC9CEB8-8B4A-11D0-8D11-00A0C91BC942}") = "bdxlua", "bdxlua\bdxlua.vcxproj", "{7E985CC6-EE41-4CAC-999C-A97E8696595D}"
EndProject
Project("{8BC9CEB8-8B4A-11D0-8D11-00A0C91BC942}") = "bdxmoney", "bdxmoney\bdxmoney.vcxproj", "{B588C549-C83F-4878-BEEA-C0756994F1F6}"
EndProject
Project("{8BC9CEB8-8B4A-11D0-8D11-00A0C91BC942}") = "bdxnpc", "bdxnpc\bdxnpc.vcxproj", "{A4FC0798-F7AF-44E5-AC23-5C008E201D2E}"
EndProject
Project("{8BC9CEB8-8B4A-11D0-8D11-00A0C91BC942}") = "bdxtpa", "bdxtpa\bdxtpa.vcxproj", "{A4E935E4-A19F-4EBB-8031-7ED8A2BF6787}"
EndProject
Project("{8BC9CEB8-8B4A-11D0-8D11-00A0C91BC942}") = "bdxland-private", "C:\Users\Administrator\source\repos\bdx\BedrockKit\bdxland-private\bdxland-private.vcxproj", "{CAB457DE-5390-4DC1-B4C6-369C9B6DAEDC}"
EndProject
Project("{8BC9CEB8-8B4A-11D0-8D11-00A0C91BC942}") = "InventoryAPI", "InventoryAPI\InventoryAPI.vcxproj", "{694A4F1C-2A8C-425E-AFE6-ED37FFCAB47E}"
EndProject
Global
	GlobalSection(SolutionConfigurationPlatforms) = preSolution
		Debug|x64 = Debug|x64
		Debug|x86 = Debug|x86
		Release|x64 = Release|x64
		Release|x86 = Release|x86
	EndGlobalSection
	GlobalSection(ProjectConfigurationPlatforms) = postSolution
		{4E2C1F0D-2BBA-42C4-A906-2212AC305D2A}.Debug|x64.ActiveCfg = Release|x64
		{4E2C1F0D-2BBA-42C4-A906-2212AC305D2A}.Debug|x64.Build.0 = Release|x64
		{4E2C1F0D-2BBA-42C4-A906-2212AC305D2A}.Debug|x86.ActiveCfg = Release|x64
		{4E2C1F0D-2BBA-42C4-A906-2212AC305D2A}.Debug|x86.Build.0 = Release|x64
		{4E2C1F0D-2BBA-42C4-A906-2212AC305D2A}.Release|x64.ActiveCfg = Release|x64
		{4E2C1F0D-2BBA-42C4-A906-2212AC305D2A}.Release|x64.Build.0 = Release|x64
		{4E2C1F0D-2BBA-42C4-A906-2212AC305D2A}.Release|x86.ActiveCfg = Release|x64
		{A9970552-08F8-4175-8C10-BB780A905BB7}.Debug|x64.ActiveCfg = Release|x64
		{A9970552-08F8-4175-8C10-BB780A905BB7}.Debug|x64.Build.0 = Release|x64
		{A9970552-08F8-4175-8C10-BB780A905BB7}.Debug|x86.ActiveCfg = Release|x64
		{A9970552-08F8-4175-8C10-BB780A905BB7}.Debug|x86.Build.0 = Release|x64
		{A9970552-08F8-4175-8C10-BB780A905BB7}.Release|x64.ActiveCfg = Release|x64
		{A9970552-08F8-4175-8C10-BB780A905BB7}.Release|x64.Build.0 = Release|x64
		{A9970552-08F8-4175-8C10-BB780A905BB7}.Release|x86.ActiveCfg = Release|x64
		{7E985CC6-EE41-4CAC-999C-A97E8696595D}.Debug|x64.ActiveCfg = Release|x64
		{7E985CC6-EE41-4CAC-999C-A97E8696595D}.Debug|x64.Build.0 = Release|x64
		{7E985CC6-EE41-4CAC-999C-A97E8696595D}.Debug|x86.ActiveCfg = Release|x64
		{7E985CC6-EE41-4CAC-999C-A97E8696595D}.Debug|x86.Build.0 = Release|x64
		{7E985CC6-EE41-4CAC-999C-A97E8696595D}.Release|x64.ActiveCfg = Release|x64
		{7E985CC6-EE41-4CAC-999C-A97E8696595D}.Release|x64.Build.0 = Release|x64
		{7E985CC6-EE41-4CAC-999C-A97E8696595D}.Release|x86.ActiveCfg = Release|x64
		{B588C549-C83F-4878-BEEA-C0756994F1F6}.Debug|x64.ActiveCfg = Debug|x64
		{B588C549-C83F-4878-BEEA-C0756994F1F6}.Debug|x64.Build.0 = Debug|x64
		{B588C549-C83F-4878-BEEA-C0756994F1F6}.Debug|x86.ActiveCfg = Debug|Win32
		{B588C549-C83F-4878-BEEA-C0756994F1F6}.Debug|x86.Build.0 = Debug|Win32
		{B588C549-C83F-4878-BEEA-C0756994F1F6}.Release|x64.ActiveCfg = Release|x64
		{B588C549-C83F-4878-BEEA-C0756994F1F6}.Release|x64.Build.0 = Release|x64
		{B588C549-C83F-4878-BEEA-C0756994F1F6}.Release|x86.ActiveCfg = Release|Win32
		{B588C549-C83F-4878-BEEA-C0756994F1F6}.Release|x86.Build.0 = Release|Win32
		{A4FC0798-F7AF-44E5-AC23-5C008E201D2E}.Debug|x64.ActiveCfg = Debug|x64
		{A4FC0798-F7AF-44E5-AC23-5C008E201D2E}.Debug|x64.Build.0 = Debug|x64
		{A4FC0798-F7AF-44E5-AC23-5C008E201D2E}.Debug|x86.ActiveCfg = Debug|Win32
		{A4FC0798-F7AF-44E5-AC23-5C008E201D2E}.Debug|x86.Build.0 = Debug|Win32
		{A4FC0798-F7AF-44E5-AC23-5C008E201D2E}.Release|x64.ActiveCfg = Release|x64
		{A4FC0798-F7AF-44E5-AC23-5C008E201D2E}.Release|x64.Build.0 = Release|x64
		{A4FC0798-F7AF-44E5-AC23-5C008E201D2E}.Release|x86.ActiveCfg = Release|Win32
		{A4FC0798-F7AF-44E5-AC23-5C008E201D2E}.Release|x86.Build.0 = Release|Win32
		{A4E935E4-A19F-4EBB-8031-7ED8A2BF6787}.Debug|x64.ActiveCfg = Debug|x64
		{A4E935E4-A19F-4EBB-8031-7ED8A2BF6787}.Debug|x64.Build.0 = Debug|x64
		{A4E935E4-A19F-4EBB-8031-7ED8A2BF6787}.Debug|x86.ActiveCfg = Debug|Win32
		{A4E935E4-A19F-4EBB-8031-7ED8A2BF6787}.Debug|x86.Build.0 = Debug|Win32
		{A4E935E4-A19F-4EBB-8031-7ED8A2BF6787}.Release|x64.ActiveCfg = Release|x64
		{A4E935E4-A19F-4EBB-8031-7ED8A2BF6787}.Release|x64.Build.0 = Release|x64
		{A4E935E4-A19F-4EBB-8031-7ED8A2BF6787}.Release|x86.ActiveCfg = Release|Win32
		{A4E935E4-A19F-4EBB-8031-7ED8A2BF6787}.Release|x86.Build.0 = Release|Win32
		{CAB457DE-5390-4DC1-B4C6-369C9B6DAEDC}.Debug|x64.ActiveCfg = Release|x64
		{CAB457DE-5390-4DC1-B4C6-369C9B6DAEDC}.Debug|x64.Build.0 = Release|x64
		{CAB457DE-5390-4DC1-B4C6-369C9B6DAEDC}.Debug|x86.ActiveCfg = Release|x64
		{CAB457DE-5390-4DC1-B4C6-369C9B6DAEDC}.Debug|x86.Build.0 = Release|x64
		{CAB457DE-5390-4DC1-B4C6-369C9B6DAEDC}.Release|x64.ActiveCfg = Release|x64
		{CAB457DE-5390-4DC1-B4C6-369C9B6DAEDC}.Release|x64.Build.0 = Release|x64
		{CAB457DE-5390-4DC1-B4C6-369C9B6DAEDC}.Release|x86.ActiveCfg = Release|x64
		{694A4F1C-2A8C-425E-AFE6-ED37FFCAB47E}.Debug|x64.ActiveCfg = Debug|x64
		{694A4F1C-2A8C-425E-AFE6-ED37FFCAB47E}.Debug|x64.Build.0 = Debug|x64
		{694A4F1C-2A8C-425E-AFE6-ED37FFCAB47E}.Debug|x86.ActiveCfg = Debug|Win32
		{694A4F1C-2A8C-425E-AFE6-ED37FFCAB47E}.Debug|x86.Build.0 = Debug|Win32
		{694A4F1C-2A8C-425E-AFE6-ED37FFCAB47E}.Release|x64.ActiveCfg = Release|x64
		{694A4F1C-2A8C-425E-AFE6-ED37FFCAB47E}.Release|x64.Build.0 = Release|x64
		{694A4F1C-2A8C-425E-AFE6-ED37FFCAB47E}.Release|x86.ActiveCfg = Release|Win32
		{694A4F1C-2A8C-425E-AFE6-ED37FFCAB47E}.Release|x86.Build.0 = Release|Win32
	EndGlobalSection
	GlobalSection(SolutionProperties) = preSolution
		HideSolutionNode = FALSE
	EndGlobalSection
	GlobalSection(ExtensibilityGlobals) = postSolution
		SolutionGuid = {2A5157C6-B868-48CF-95B3-8E6E336DA1D7}
	EndGlobalSection
EndGlobal
